
Microsoft Visual Studio Solution File, Format Version 12.00
# Visual Studio Version 17
VisualStudioVersion = 17.8.34330.188
MinimumVisualStudioVersion = 10.0.40219.1
Project("{FAE04EC0-301F-11D3-BF4B-00C04F79EFBC}") = "LunarInstaller", "LunarInstaller\LunarInstaller.csproj", "{4AB2A744-530F-4CBA-BB2C-55E742A0B0EB}"
EndProject
Global
	GlobalSection(SolutionConfigurationPlatforms) = preSolution
		Debug|Any CPU = Debug|Any CPU
		Release|Any CPU = Release|Any CPU
	EndGlobalSection
	GlobalSection(ProjectConfigurationPlatforms) = postSolution
		{4AB2A744-530F-4CBA-BB2C-55E742A0B0EB}.Debug|Any CPU.ActiveCfg = Debug|Any CPU
		{4AB2A744-530F-4CBA-BB2C-55E742A0B0EB}.Debug|Any CPU.Build.0 = Debug|Any CPU
		{4AB2A744-530F-4CBA-BB2C-55E742A0B0EB}.Release|Any CPU.ActiveCfg = Release|Any CPU
		{4AB2A744-530F-4CBA-BB2C-55E742A0B0EB}.Release|Any CPU.Build.0 = Release|Any CPU
	EndGlobalSection
	GlobalSection(SolutionProperties) = preSolution
		HideSolutionNode = FALSE
	EndGlobalSection
	GlobalSection(ExtensibilityGlobals) = postSolution
		SolutionGuid = {F681B8AF-BA3C-4A7F-A61C-D248C00F1780}
	EndGlobalSection
EndGlobal
